# This file is automatically @generated by Cargo.
version = 3

[[package]]
name = "my-app"
version = "0.1.0"
dependencies = [
 "serde 1.0.193",
 "serde_json 1.0.108",
]

[[package]]
name = "serde"
version = "1.0.193"
source = "registry+https://github.com/rust-lang/crates.io-index"
checksum = "5821c8d29c6571dfe1c8e7ff55211f794276f708177e692f58866796254153b4"

[[package]]
name = "serde_json"
version = "1.0.108"
source = "registry+https://github.com/rust-lang/crates.io-index"
checksum = "6980d37561344f37537c5697f7b6d719f7e11d6ae330196a7657d0b1d004603"
dependencies = [
 "serde",
]
