# This file is automatically @generated by Cargo.
# It is not intended for manual editing.
version = 3

[[package]]
name = "transitive-app"
version = "0.1.0"
dependencies = [
 "reqwest",
]

[[package]]
name = "reqwest"
version = "0.11.22"
source = "registry+https://github.com/rust-lang/crates.io-index"
checksum = "046cd98826c46c2ac8ddecae268eb5c2e58628688a5fc7a2643704a73faba95"
dependencies = [
 "mime",
]

[[package]]
name = "mime"
version = "0.3.17"
source = "registry+https://github.com/rust-lang/crates.io-index"
checksum = "6877bb514081ee2a7ff5ef9de3281f14a4dd4bceac4c09388074a6b5df8a139"
