# This file is automatically @generated by Cargo.
version = 4

[[package]]
name = "bytes"
version = "1.5.0"
source = "registry+https://github.com/rust-lang/crates.io-index"
checksum = "1111111111111111111111111111111111111111"

[[package]]
name = "pin-project-lite"
version = "0.2.13"
source = "registry+https://github.com/rust-lang/crates.io-index"
checksum = "2222222222222222222222222222222222222222"

[[package]]
name = "tokio"
version = "1.35.0"
source = "registry+https://github.com/rust-lang/crates.io-index"
checksum = "3333333333333333333333333333333333333333"
dependencies = ["pin-project-lite", "bytes 1.5"]
