# This file is automatically @generated by Cargo.
# It is not intended for manual editing.
[[package]]
name = "libc"
version = "0.2.149"
source = "registry+https://github.com/rust-lang/crates.io-index"
dependencies = [
 "memchr 2.6.4 (registry+https://github.com/rust-lang/crates.io-index)",
]

[[package]]
name = "memchr"
version = "2.6.4"
source = "registry+https://github.com/rust-lang/crates.io-index"

[metadata]
"checksum libc 0.2.149 (registry+https://github.com/rust-lang/crates.io-index)" = "a1b2c3d4e5f6789012345678901234567890abcd"
"checksum memchr 2.6.4 (registry+https://github.com/rust-lang/crates.io-index)" = "fedcba0987654321fedcba0987654321fedcba09"
