# This file is automatically @generated by Cargo.
version = 1

[[package]]
name = "legacy-app"
version = "0.1.0"
dependencies = [
 "serde 1.0.0 (registry+https://github.com/rust-lang/crates.io-index)",
 "bare-crate",
]

[[package]]
name = "bare-crate"
version = "2.0.0"
source = "registry+https://github.com/rust-lang/crates.io-index"

[[package]]
name = "serde"
version = "1.0.0"
source = "registry+https://github.com/rust-lang/crates.io-index"

[metadata]
checksum = "ignored"

[[patch.unused]]
name = "ignored-patch"
version = "0.0.0"
