version = 3

[[package]]
name = "my-rust-app"
version = "0.1.0"
dependencies = [
 "serde",
 "tokio 1.0.0",
]

[[package]]
name = "serde"
version = "1.0.130"
source = "registry+https://github.com/rust-lang/crates.io-index"

[[package]]
name = "tokio"
version = "1.0.0"
source = "registry+https://github.com/rust-lang/crates.io-index"
dependencies = [
 "pin-project-lite 0.2.0",
]

[[package]]
name = "pin-project-lite"
version = "0.2.0"
source = "registry+https://github.com/rust-lang/crates.io-index"
