# This file is automatically @generated by Cargo.
version = 3

[[package]]
name = "libc"
version = "0.2.149"
source = "registry+https://github.com/rust-lang/crates.io-index"
checksum = "a1b2c3d4e5f6789012345678901234567890abcd"

[[package]]
name = "memchr"
version = "2.6.4"
source = "registry+https://github.com/rust-lang/crates.io-index"
checksum = "fedcba0987654321fedcba0987654321fedcba09"
