version = 3

[[package]]
name = "cyclic-root"
version = "0.1.0"
dependencies = [
 "crate-a",
]

[[package]]
name = "crate-a"
version = "1.0.0"
source = "registry+https://github.com/rust-lang/crates.io-index"
dependencies = [
 "crate-b",
]

[[package]]
name = "crate-b"
version = "1.0.0"
source = "registry+https://github.com/rust-lang/crates.io-index"
dependencies = [
 "crate-a",
]
